
Microsoft Visual Studio Solution File, Format Version 10.00
# Visual Studio 2008
Project("{FAE04EC0-301F-11D3-BF4B-00C04F79EFBC}") = "WikiDesk", "WikiDesk\WikiDesk.csproj", "{FE6F69C1-5CBD-4066-B909-E2968ED3669F}"
EndProject
Project("{FAE04EC0-301F-11D3-BF4B-00C04F79EFBC}") = "WikiDesk.Core", "WikiDesk.Core\WikiDesk.Core.csproj", "{AB5AFF4A-09DC-43E6-A9BD-E6E7F5418FB2}"
EndProject
Project("{FAE04EC0-301F-11D3-BF4B-00C04F79EFBC}") = "WikiDesk.Data", "WikiDesk.Data\WikiDesk.Data.csproj", "{BBD52323-6CD5-45F6-84F1-C2341EF4694A}"
EndProject
Project("{FAE04EC0-301F-11D3-BF4B-00C04F79EFBC}") = "WikiDesk.Core.Test", "WikiDesk.Core\WikiDesk.Core.Test\WikiDesk.Core.Test.csproj", "{D54D92C0-56B1-4D15-BB16-65FF1CA2DF38}"
EndProject
Project("{FAE04EC0-301F-11D3-BF4B-00C04F79EFBC}") = "DockPanel", "DockPanel\WinFormsUI\DockPanel.csproj", "{C75532C4-765B-418E-B09B-46D36B2ABDB1}"
EndProject
Project("{FAE04EC0-301F-11D3-BF4B-00C04F79EFBC}") = "WikiDesk.Data.Test", "WikiDesk.Data\WikiDesk.Data.Test\WikiDesk.Data.Test.csproj", "{E280655D-5042-40EB-9D37-71722ABC9CB8}"
EndProject
Project("{FAE04EC0-301F-11D3-BF4B-00C04F79EFBC}") = "MediaWiki.Lang.Compiler", "MediaWiki.Lang.Compiler\MediaWiki.Lang.Compiler.csproj", "{5FD6A5C5-6057-441E-B428-6E3A61708D08}"
EndProject
Project("{FAE04EC0-301F-11D3-BF4B-00C04F79EFBC}") = "MediaWiki.Lang", "MediaWiki.Lang\MediaWiki.Lang.csproj", "{0796F40B-81B1-40E2-BC8D-1DB19EE0943D}"
EndProject
Project("{8BC9CEB8-8B4A-11D0-8D11-00A0C91BC942}") = "MediaWiki.Lang.Messages", "MediaWiki.Lang.Messages\MediaWiki.Lang.Messages.vcproj", "{87AAA178-CDE5-4EC9-A297-A219B69FEF41}"
	ProjectSection(ProjectDependencies) = postProject
		{5FD6A5C5-6057-441E-B428-6E3A61708D08} = {5FD6A5C5-6057-441E-B428-6E3A61708D08}
	EndProjectSection
EndProject
Project("{FAE04EC0-301F-11D3-BF4B-00C04F79EFBC}") = "MediaWiki.Lang.Compiler.Test", "MediaWiki.Lang.Compiler\MediaWiki.Lang.Compiler.Test\MediaWiki.Lang.Compiler.Test.csproj", "{AC1FB310-E4AA-4926-8647-5490D4BF576B}"
EndProject
Global
	GlobalSection(SolutionConfigurationPlatforms) = preSolution
		Debug|Any CPU = Debug|Any CPU
		Debug|Mixed Platforms = Debug|Mixed Platforms
		Debug|Win32 = Debug|Win32
		Release|Any CPU = Release|Any CPU
		Release|Mixed Platforms = Release|Mixed Platforms
		Release|Win32 = Release|Win32
	EndGlobalSection
	GlobalSection(ProjectConfigurationPlatforms) = postSolution
		{FE6F69C1-5CBD-4066-B909-E2968ED3669F}.Debug|Any CPU.ActiveCfg = Debug|Any CPU
		{FE6F69C1-5CBD-4066-B909-E2968ED3669F}.Debug|Any CPU.Build.0 = Debug|Any CPU
		{FE6F69C1-5CBD-4066-B909-E2968ED3669F}.Debug|Mixed Platforms.ActiveCfg = Debug|Any CPU
		{FE6F69C1-5CBD-4066-B909-E2968ED3669F}.Debug|Mixed Platforms.Build.0 = Debug|Any CPU
		{FE6F69C1-5CBD-4066-B909-E2968ED3669F}.Debug|Win32.ActiveCfg = Debug|Any CPU
		{FE6F69C1-5CBD-4066-B909-E2968ED3669F}.Release|Any CPU.ActiveCfg = Release|Any CPU
		{FE6F69C1-5CBD-4066-B909-E2968ED3669F}.Release|Any CPU.Build.0 = Release|Any CPU
		{FE6F69C1-5CBD-4066-B909-E2968ED3669F}.Release|Mixed Platforms.ActiveCfg = Release|Any CPU
		{FE6F69C1-5CBD-4066-B909-E2968ED3669F}.Release|Mixed Platforms.Build.0 = Release|Any CPU
		{FE6F69C1-5CBD-4066-B909-E2968ED3669F}.Release|Win32.ActiveCfg = Release|Any CPU
		{AB5AFF4A-09DC-43E6-A9BD-E6E7F5418FB2}.Debug|Any CPU.ActiveCfg = Debug|Any CPU
		{AB5AFF4A-09DC-43E6-A9BD-E6E7F5418FB2}.Debug|Any CPU.Build.0 = Debug|Any CPU
		{AB5AFF4A-09DC-43E6-A9BD-E6E7F5418FB2}.Debug|Mixed Platforms.ActiveCfg = Debug|Any CPU
		{AB5AFF4A-09DC-43E6-A9BD-E6E7F5418FB2}.Debug|Mixed Platforms.Build.0 = Debug|Any CPU
		{AB5AFF4A-09DC-43E6-A9BD-E6E7F5418FB2}.Debug|Win32.ActiveCfg = Debug|Any CPU
		{AB5AFF4A-09DC-43E6-A9BD-E6E7F5418FB2}.Release|Any CPU.ActiveCfg = Release|Any CPU
		{AB5AFF4A-09DC-43E6-A9BD-E6E7F5418FB2}.Release|Any CPU.Build.0 = Release|Any CPU
		{AB5AFF4A-09DC-43E6-A9BD-E6E7F5418FB2}.Release|Mixed Platforms.ActiveCfg = Release|Any CPU
		{AB5AFF4A-09DC-43E6-A9BD-E6E7F5418FB2}.Release|Mixed Platforms.Build.0 = Release|Any CPU
		{AB5AFF4A-09DC-43E6-A9BD-E6E7F5418FB2}.Release|Win32.ActiveCfg = Release|Any CPU
		{BBD52323-6CD5-45F6-84F1-C2341EF4694A}.Debug|Any CPU.ActiveCfg = Debug|Any CPU
		{BBD52323-6CD5-45F6-84F1-C2341EF4694A}.Debug|Any CPU.Build.0 = Debug|Any CPU
		{BBD52323-6CD5-45F6-84F1-C2341EF4694A}.Debug|Mixed Platforms.ActiveCfg = Debug|Any CPU
		{BBD52323-6CD5-45F6-84F1-C2341EF4694A}.Debug|Mixed Platforms.Build.0 = Debug|Any CPU
		{BBD52323-6CD5-45F6-84F1-C2341EF4694A}.Debug|Win32.ActiveCfg = Debug|Any CPU
		{BBD52323-6CD5-45F6-84F1-C2341EF4694A}.Release|Any CPU.ActiveCfg = Release|Any CPU
		{BBD52323-6CD5-45F6-84F1-C2341EF4694A}.Release|Any CPU.Build.0 = Release|Any CPU
		{BBD52323-6CD5-45F6-84F1-C2341EF4694A}.Release|Mixed Platforms.ActiveCfg = Release|Any CPU
		{BBD52323-6CD5-45F6-84F1-C2341EF4694A}.Release|Mixed Platforms.Build.0 = Release|Any CPU
		{BBD52323-6CD5-45F6-84F1-C2341EF4694A}.Release|Win32.ActiveCfg = Release|Any CPU
		{D54D92C0-56B1-4D15-BB16-65FF1CA2DF38}.Debug|Any CPU.ActiveCfg = Debug|Any CPU
		{D54D92C0-56B1-4D15-BB16-65FF1CA2DF38}.Debug|Any CPU.Build.0 = Debug|Any CPU
		{D54D92C0-56B1-4D15-BB16-65FF1CA2DF38}.Debug|Mixed Platforms.ActiveCfg = Debug|Any CPU
		{D54D92C0-56B1-4D15-BB16-65FF1CA2DF38}.Debug|Mixed Platforms.Build.0 = Debug|Any CPU
		{D54D92C0-56B1-4D15-BB16-65FF1CA2DF38}.Debug|Win32.ActiveCfg = Debug|Any CPU
		{D54D92C0-56B1-4D15-BB16-65FF1CA2DF38}.Release|Any CPU.ActiveCfg = Release|Any CPU
		{D54D92C0-56B1-4D15-BB16-65FF1CA2DF38}.Release|Any CPU.Build.0 = Release|Any CPU
		{D54D92C0-56B1-4D15-BB16-65FF1CA2DF38}.Release|Mixed Platforms.ActiveCfg = Release|Any CPU
		{D54D92C0-56B1-4D15-BB16-65FF1CA2DF38}.Release|Mixed Platforms.Build.0 = Release|Any CPU
		{D54D92C0-56B1-4D15-BB16-65FF1CA2DF38}.Release|Win32.ActiveCfg = Release|Any CPU
		{C75532C4-765B-418E-B09B-46D36B2ABDB1}.Debug|Any CPU.ActiveCfg = Debug|Any CPU
		{C75532C4-765B-418E-B09B-46D36B2ABDB1}.Debug|Any CPU.Build.0 = Debug|Any CPU
		{C75532C4-765B-418E-B09B-46D36B2ABDB1}.Debug|Mixed Platforms.ActiveCfg = Debug|Any CPU
		{C75532C4-765B-418E-B09B-46D36B2ABDB1}.Debug|Mixed Platforms.Build.0 = Debug|Any CPU
		{C75532C4-765B-418E-B09B-46D36B2ABDB1}.Debug|Win32.ActiveCfg = Debug|Any CPU
		{C75532C4-765B-418E-B09B-46D36B2ABDB1}.Release|Any CPU.ActiveCfg = Release|Any CPU
		{C75532C4-765B-418E-B09B-46D36B2ABDB1}.Release|Any CPU.Build.0 = Release|Any CPU
		{C75532C4-765B-418E-B09B-46D36B2ABDB1}.Release|Mixed Platforms.ActiveCfg = Release|Any CPU
		{C75532C4-765B-418E-B09B-46D36B2ABDB1}.Release|Mixed Platforms.Build.0 = Release|Any CPU
		{C75532C4-765B-418E-B09B-46D36B2ABDB1}.Release|Win32.ActiveCfg = Release|Any CPU
		{E280655D-5042-40EB-9D37-71722ABC9CB8}.Debug|Any CPU.ActiveCfg = Debug|Any CPU
		{E280655D-5042-40EB-9D37-71722ABC9CB8}.Debug|Any CPU.Build.0 = Debug|Any CPU
		{E280655D-5042-40EB-9D37-71722ABC9CB8}.Debug|Mixed Platforms.ActiveCfg = Debug|Any CPU
		{E280655D-5042-40EB-9D37-71722ABC9CB8}.Debug|Mixed Platforms.Build.0 = Debug|Any CPU
		{E280655D-5042-40EB-9D37-71722ABC9CB8}.Debug|Win32.ActiveCfg = Debug|Any CPU
		{E280655D-5042-40EB-9D37-71722ABC9CB8}.Release|Any CPU.ActiveCfg = Release|Any CPU
		{E280655D-5042-40EB-9D37-71722ABC9CB8}.Release|Any CPU.Build.0 = Release|Any CPU
		{E280655D-5042-40EB-9D37-71722ABC9CB8}.Release|Mixed Platforms.ActiveCfg = Release|Any CPU
		{E280655D-5042-40EB-9D37-71722ABC9CB8}.Release|Mixed Platforms.Build.0 = Release|Any CPU
		{E280655D-5042-40EB-9D37-71722ABC9CB8}.Release|Win32.ActiveCfg = Release|Any CPU
		{5FD6A5C5-6057-441E-B428-6E3A61708D08}.Debug|Any CPU.ActiveCfg = Debug|Any CPU
		{5FD6A5C5-6057-441E-B428-6E3A61708D08}.Debug|Any CPU.Build.0 = Debug|Any CPU
		{5FD6A5C5-6057-441E-B428-6E3A61708D08}.Debug|Mixed Platforms.ActiveCfg = Debug|Any CPU
		{5FD6A5C5-6057-441E-B428-6E3A61708D08}.Debug|Mixed Platforms.Build.0 = Debug|Any CPU
		{5FD6A5C5-6057-441E-B428-6E3A61708D08}.Debug|Win32.ActiveCfg = Debug|Any CPU
		{5FD6A5C5-6057-441E-B428-6E3A61708D08}.Release|Any CPU.ActiveCfg = Release|Any CPU
		{5FD6A5C5-6057-441E-B428-6E3A61708D08}.Release|Any CPU.Build.0 = Release|Any CPU
		{5FD6A5C5-6057-441E-B428-6E3A61708D08}.Release|Mixed Platforms.ActiveCfg = Release|Any CPU
		{5FD6A5C5-6057-441E-B428-6E3A61708D08}.Release|Mixed Platforms.Build.0 = Release|Any CPU
		{5FD6A5C5-6057-441E-B428-6E3A61708D08}.Release|Win32.ActiveCfg = Release|Any CPU
		{0796F40B-81B1-40E2-BC8D-1DB19EE0943D}.Debug|Any CPU.ActiveCfg = Debug|Any CPU
		{0796F40B-81B1-40E2-BC8D-1DB19EE0943D}.Debug|Any CPU.Build.0 = Debug|Any CPU
		{0796F40B-81B1-40E2-BC8D-1DB19EE0943D}.Debug|Mixed Platforms.ActiveCfg = Debug|Any CPU
		{0796F40B-81B1-40E2-BC8D-1DB19EE0943D}.Debug|Mixed Platforms.Build.0 = Debug|Any CPU
		{0796F40B-81B1-40E2-BC8D-1DB19EE0943D}.Debug|Win32.ActiveCfg = Debug|Any CPU
		{0796F40B-81B1-40E2-BC8D-1DB19EE0943D}.Release|Any CPU.ActiveCfg = Release|Any CPU
		{0796F40B-81B1-40E2-BC8D-1DB19EE0943D}.Release|Any CPU.Build.0 = Release|Any CPU
		{0796F40B-81B1-40E2-BC8D-1DB19EE0943D}.Release|Mixed Platforms.ActiveCfg = Release|Any CPU
		{0796F40B-81B1-40E2-BC8D-1DB19EE0943D}.Release|Mixed Platforms.Build.0 = Release|Any CPU
		{0796F40B-81B1-40E2-BC8D-1DB19EE0943D}.Release|Win32.ActiveCfg = Release|Any CPU
		{87AAA178-CDE5-4EC9-A297-A219B69FEF41}.Debug|Any CPU.ActiveCfg = Debug|Win32
		{87AAA178-CDE5-4EC9-A297-A219B69FEF41}.Debug|Mixed Platforms.ActiveCfg = Debug|Win32
		{87AAA178-CDE5-4EC9-A297-A219B69FEF41}.Debug|Mixed Platforms.Build.0 = Debug|Win32
		{87AAA178-CDE5-4EC9-A297-A219B69FEF41}.Debug|Win32.ActiveCfg = Debug|Win32
		{87AAA178-CDE5-4EC9-A297-A219B69FEF41}.Debug|Win32.Build.0 = Debug|Win32
		{87AAA178-CDE5-4EC9-A297-A219B69FEF41}.Release|Any CPU.ActiveCfg = Release|Win32
		{87AAA178-CDE5-4EC9-A297-A219B69FEF41}.Release|Mixed Platforms.ActiveCfg = Release|Win32
		{87AAA178-CDE5-4EC9-A297-A219B69FEF41}.Release|Mixed Platforms.Build.0 = Release|Win32
		{87AAA178-CDE5-4EC9-A297-A219B69FEF41}.Release|Win32.ActiveCfg = Release|Win32
		{87AAA178-CDE5-4EC9-A297-A219B69FEF41}.Release|Win32.Build.0 = Release|Win32
		{AC1FB310-E4AA-4926-8647-5490D4BF576B}.Debug|Any CPU.ActiveCfg = Debug|Any CPU
		{AC1FB310-E4AA-4926-8647-5490D4BF576B}.Debug|Any CPU.Build.0 = Debug|Any CPU
		{AC1FB310-E4AA-4926-8647-5490D4BF576B}.Debug|Mixed Platforms.ActiveCfg = Debug|Any CPU
		{AC1FB310-E4AA-4926-8647-5490D4BF576B}.Debug|Mixed Platforms.Build.0 = Debug|Any CPU
		{AC1FB310-E4AA-4926-8647-5490D4BF576B}.Debug|Win32.ActiveCfg = Debug|Any CPU
		{AC1FB310-E4AA-4926-8647-5490D4BF576B}.Release|Any CPU.ActiveCfg = Release|Any CPU
		{AC1FB310-E4AA-4926-8647-5490D4BF576B}.Release|Any CPU.Build.0 = Release|Any CPU
		{AC1FB310-E4AA-4926-8647-5490D4BF576B}.Release|Mixed Platforms.ActiveCfg = Release|Any CPU
		{AC1FB310-E4AA-4926-8647-5490D4BF576B}.Release|Mixed Platforms.Build.0 = Release|Any CPU
		{AC1FB310-E4AA-4926-8647-5490D4BF576B}.Release|Win32.ActiveCfg = Release|Any CPU
	EndGlobalSection
	GlobalSection(SolutionProperties) = preSolution
		HideSolutionNode = FALSE
	EndGlobalSection
EndGlobal
